
Microsoft Visual Studio Solution File, Format Version 12.00
# Visual Studio 15
Project("{FAE04EC0-301F-11D3-BF4B-00C04F79EFBC}") = "Assembly-CSharp", "Assembly-CSharp.csproj", "{813C6B2C-E2FD-4026-583E-DDF9FE2EA69E}"
EndProject
Project("{FAE04EC0-301F-11D3-BF4B-00C04F79EFBC}") = "Assembly-CSharp-Editor", "Assembly-CSharp-Editor.csproj", "{7347AE2F-66E4-FD6B-6DA4-F76570CD994B}"
EndProject
Global
	GlobalSection(SolutionConfigurationPlatforms) = preSolution
		Debug|Any CPU = Debug|Any CPU
		Release|Any CPU = Release|Any CPU
	EndGlobalSection
	GlobalSection(ProjectConfigurationPlatforms) = postSolution
		{813C6B2C-E2FD-4026-583E-DDF9FE2EA69E}.Debug|Any CPU.ActiveCfg = Debug|Any CPU
		{813C6B2C-E2FD-4026-583E-DDF9FE2EA69E}.Debug|Any CPU.Build.0 = Debug|Any CPU
		{813C6B2C-E2FD-4026-583E-DDF9FE2EA69E}.Release|Any CPU.ActiveCfg = Release|Any CPU
		{813C6B2C-E2FD-4026-583E-DDF9FE2EA69E}.Release|Any CPU.Build.0 = Release|Any CPU
		{7347AE2F-66E4-FD6B-6DA4-F76570CD994B}.Debug|Any CPU.ActiveCfg = Debug|Any CPU
		{7347AE2F-66E4-FD6B-6DA4-F76570CD994B}.Debug|Any CPU.Build.0 = Debug|Any CPU
		{7347AE2F-66E4-FD6B-6DA4-F76570CD994B}.Release|Any CPU.ActiveCfg = Release|Any CPU
		{7347AE2F-66E4-FD6B-6DA4-F76570CD994B}.Release|Any CPU.Build.0 = Release|Any CPU
	EndGlobalSection
	GlobalSection(SolutionProperties) = preSolution
		HideSolutionNode = FALSE
	EndGlobalSection
EndGlobal
